
Microsoft Visual Studio Solution File, Format Version 12.00
# Visual Studio Version 16
VisualStudioVersion = 16.0.32510.428
MinimumVisualStudioVersion = 10.0.40219.1
Project("{FAE04EC0-301F-11D3-BF4B-00C04F79EFBC}") = "InsuranceQualification", "InsuranceQualification\InsuranceQualification.csproj", "{C835CA53-0513-453A-92ED-316AFDC395BC}"
EndProject
Global
	GlobalSection(SolutionConfigurationPlatforms) = preSolution
		Debug|Any CPU = Debug|Any CPU
		Release|Any CPU = Release|Any CPU
	EndGlobalSection
	GlobalSection(ProjectConfigurationPlatforms) = postSolution
		{C835CA53-0513-453A-92ED-316AFDC395BC}.Debug|Any CPU.ActiveCfg = Debug|Any CPU
		{C835CA53-0513-453A-92ED-316AFDC395BC}.Debug|Any CPU.Build.0 = Debug|Any CPU
		{C835CA53-0513-453A-92ED-316AFDC395BC}.Release|Any CPU.ActiveCfg = Release|Any CPU
		{C835CA53-0513-453A-92ED-316AFDC395BC}.Release|Any CPU.Build.0 = Release|Any CPU
	EndGlobalSection
	GlobalSection(SolutionProperties) = preSolution
		HideSolutionNode = FALSE
	EndGlobalSection
	GlobalSection(ExtensibilityGlobals) = postSolution
		SolutionGuid = {75D38045-64CD-4712-9F46-DF5808F6C353}
	EndGlobalSection
EndGlobal
