
Microsoft Visual Studio Solution File, Format Version 12.00
# Visual Studio Version 16
VisualStudioVersion = 16.0.32602.291
MinimumVisualStudioVersion = 10.0.40219.1
Project("{FAE04EC0-301F-11D3-BF4B-00C04F79EFBC}") = "MainClass", "MainClass\MainClass.csproj", "{E8B8D77F-2DEB-4EBC-BFE8-69D0AC3FF189}"
EndProject
Global
	GlobalSection(SolutionConfigurationPlatforms) = preSolution
		Debug|Any CPU = Debug|Any CPU
		Release|Any CPU = Release|Any CPU
	EndGlobalSection
	GlobalSection(ProjectConfigurationPlatforms) = postSolution
		{E8B8D77F-2DEB-4EBC-BFE8-69D0AC3FF189}.Debug|Any CPU.ActiveCfg = Debug|Any CPU
		{E8B8D77F-2DEB-4EBC-BFE8-69D0AC3FF189}.Debug|Any CPU.Build.0 = Debug|Any CPU
		{E8B8D77F-2DEB-4EBC-BFE8-69D0AC3FF189}.Release|Any CPU.ActiveCfg = Release|Any CPU
		{E8B8D77F-2DEB-4EBC-BFE8-69D0AC3FF189}.Release|Any CPU.Build.0 = Release|Any CPU
	EndGlobalSection
	GlobalSection(SolutionProperties) = preSolution
		HideSolutionNode = FALSE
	EndGlobalSection
	GlobalSection(ExtensibilityGlobals) = postSolution
		SolutionGuid = {7DF0F1DB-3936-4C6C-B865-D645DF915CAD}
	EndGlobalSection
EndGlobal
