
Microsoft Visual Studio Solution File, Format Version 12.00
# Visual Studio Version 16
VisualStudioVersion = 16.0.32602.291
MinimumVisualStudioVersion = 10.0.40219.1
Project("{FAE04EC0-301F-11D3-BF4B-00C04F79EFBC}") = "ConsoleAppPractice", "ConsoleAppPractice\ConsoleAppPractice.csproj", "{669C1B95-FF49-4B59-AE73-8A4913D56221}"
EndProject
Global
	GlobalSection(SolutionConfigurationPlatforms) = preSolution
		Debug|Any CPU = Debug|Any CPU
		Release|Any CPU = Release|Any CPU
	EndGlobalSection
	GlobalSection(ProjectConfigurationPlatforms) = postSolution
		{669C1B95-FF49-4B59-AE73-8A4913D56221}.Debug|Any CPU.ActiveCfg = Debug|Any CPU
		{669C1B95-FF49-4B59-AE73-8A4913D56221}.Debug|Any CPU.Build.0 = Debug|Any CPU
		{669C1B95-FF49-4B59-AE73-8A4913D56221}.Release|Any CPU.ActiveCfg = Release|Any CPU
		{669C1B95-FF49-4B59-AE73-8A4913D56221}.Release|Any CPU.Build.0 = Release|Any CPU
	EndGlobalSection
	GlobalSection(SolutionProperties) = preSolution
		HideSolutionNode = FALSE
	EndGlobalSection
	GlobalSection(ExtensibilityGlobals) = postSolution
		SolutionGuid = {944CEB2C-67D1-4F03-90D5-72AC92E0D186}
	EndGlobalSection
EndGlobal
