
Microsoft Visual Studio Solution File, Format Version 12.00
# Visual Studio Version 16
VisualStudioVersion = 16.0.32602.291
MinimumVisualStudioVersion = 10.0.40219.1
Project("{FAE04EC0-301F-11D3-BF4B-00C04F79EFBC}") = "Polymorphism", "Polymorphism\Polymorphism.csproj", "{038F3FF4-FB19-4112-AD31-FF8215C3658B}"
EndProject
Global
	GlobalSection(SolutionConfigurationPlatforms) = preSolution
		Debug|Any CPU = Debug|Any CPU
		Release|Any CPU = Release|Any CPU
	EndGlobalSection
	GlobalSection(ProjectConfigurationPlatforms) = postSolution
		{038F3FF4-FB19-4112-AD31-FF8215C3658B}.Debug|Any CPU.ActiveCfg = Debug|Any CPU
		{038F3FF4-FB19-4112-AD31-FF8215C3658B}.Debug|Any CPU.Build.0 = Debug|Any CPU
		{038F3FF4-FB19-4112-AD31-FF8215C3658B}.Release|Any CPU.ActiveCfg = Release|Any CPU
		{038F3FF4-FB19-4112-AD31-FF8215C3658B}.Release|Any CPU.Build.0 = Release|Any CPU
	EndGlobalSection
	GlobalSection(SolutionProperties) = preSolution
		HideSolutionNode = FALSE
	EndGlobalSection
	GlobalSection(ExtensibilityGlobals) = postSolution
		SolutionGuid = {38BB1D47-84D6-4372-9E60-2AF3A26AF500}
	EndGlobalSection
EndGlobal
