
Microsoft Visual Studio Solution File, Format Version 12.00
# Visual Studio Version 16
VisualStudioVersion = 16.0.32602.291
MinimumVisualStudioVersion = 10.0.40219.1
Project("{FAE04EC0-301F-11D3-BF4B-00C04F79EFBC}") = "AbstractClass", "AbstractClass\AbstractClass.csproj", "{11868E53-C2C4-4451-89CD-E66472858C16}"
EndProject
Global
	GlobalSection(SolutionConfigurationPlatforms) = preSolution
		Debug|Any CPU = Debug|Any CPU
		Release|Any CPU = Release|Any CPU
	EndGlobalSection
	GlobalSection(ProjectConfigurationPlatforms) = postSolution
		{11868E53-C2C4-4451-89CD-E66472858C16}.Debug|Any CPU.ActiveCfg = Debug|Any CPU
		{11868E53-C2C4-4451-89CD-E66472858C16}.Debug|Any CPU.Build.0 = Debug|Any CPU
		{11868E53-C2C4-4451-89CD-E66472858C16}.Release|Any CPU.ActiveCfg = Release|Any CPU
		{11868E53-C2C4-4451-89CD-E66472858C16}.Release|Any CPU.Build.0 = Release|Any CPU
	EndGlobalSection
	GlobalSection(SolutionProperties) = preSolution
		HideSolutionNode = FALSE
	EndGlobalSection
	GlobalSection(ExtensibilityGlobals) = postSolution
		SolutionGuid = {A3FC4513-9FA6-409E-BA94-C057CCC9AF70}
	EndGlobalSection
EndGlobal
